
Microsoft Visual Studio Solution File, Format Version 12.00
# Visual Studio Version 16
VisualStudioVersion = 16.0.32228.343
MinimumVisualStudioVersion = 10.0.40219.1
Project("{FAE04EC0-301F-11D3-BF4B-00C04F79EFBC}") = "EE_Analyzer", "EE_Analyzer\EE_Analyzer.csproj", "{D92F86B2-9F0F-4B79-BC89-5E03C372264F}"
EndProject
Global
	GlobalSection(SolutionConfigurationPlatforms) = preSolution
		Debug|Any CPU = Debug|Any CPU
		Release|Any CPU = Release|Any CPU
	EndGlobalSection
	GlobalSection(ProjectConfigurationPlatforms) = postSolution
		{D92F86B2-9F0F-4B79-BC89-5E03C372264F}.Debug|Any CPU.ActiveCfg = Debug|Any CPU
		{D92F86B2-9F0F-4B79-BC89-5E03C372264F}.Debug|Any CPU.Build.0 = Debug|Any CPU
		{D92F86B2-9F0F-4B79-BC89-5E03C372264F}.Release|Any CPU.ActiveCfg = Release|Any CPU
		{D92F86B2-9F0F-4B79-BC89-5E03C372264F}.Release|Any CPU.Build.0 = Release|Any CPU
	EndGlobalSection
	GlobalSection(SolutionProperties) = preSolution
		HideSolutionNode = FALSE
	EndGlobalSection
	GlobalSection(ExtensibilityGlobals) = postSolution
		SolutionGuid = {50EC71BD-EABB-4E58-AEBB-31D9EC7ED81E}
	EndGlobalSection
EndGlobal
